
Microsoft Visual Studio Solution File, Format Version 12.00
# Visual Studio Version 17
VisualStudioVersion = 17.4.33205.214
MinimumVisualStudioVersion = 10.0.40219.1
Project("{FAE04EC0-301F-11D3-BF4B-00C04F79EFBC}") = "Projeto19", "Projeto19.csproj", "{47F737FE-D1BD-47FD-BFB9-C3BF272051CD}"
EndProject
Global
	GlobalSection(SolutionConfigurationPlatforms) = preSolution
		Debug|Any CPU = Debug|Any CPU
		Release|Any CPU = Release|Any CPU
	EndGlobalSection
	GlobalSection(ProjectConfigurationPlatforms) = postSolution
		{47F737FE-D1BD-47FD-BFB9-C3BF272051CD}.Debug|Any CPU.ActiveCfg = Debug|Any CPU
		{47F737FE-D1BD-47FD-BFB9-C3BF272051CD}.Debug|Any CPU.Build.0 = Debug|Any CPU
		{47F737FE-D1BD-47FD-BFB9-C3BF272051CD}.Release|Any CPU.ActiveCfg = Release|Any CPU
		{47F737FE-D1BD-47FD-BFB9-C3BF272051CD}.Release|Any CPU.Build.0 = Release|Any CPU
	EndGlobalSection
	GlobalSection(SolutionProperties) = preSolution
		HideSolutionNode = FALSE
	EndGlobalSection
	GlobalSection(ExtensibilityGlobals) = postSolution
		SolutionGuid = {C9A5180B-249A-4975-A281-816F7A26885A}
	EndGlobalSection
EndGlobal
