
Microsoft Visual Studio Solution File, Format Version 12.00
# Visual Studio Version 17
VisualStudioVersion = 17.4.33205.214
MinimumVisualStudioVersion = 10.0.40219.1
Project("{FAE04EC0-301F-11D3-BF4B-00C04F79EFBC}") = "Projeto09", "Projeto09.csproj", "{FA597201-0274-4653-BD25-18CA8D2B0C82}"
EndProject
Global
	GlobalSection(SolutionConfigurationPlatforms) = preSolution
		Debug|Any CPU = Debug|Any CPU
		Release|Any CPU = Release|Any CPU
	EndGlobalSection
	GlobalSection(ProjectConfigurationPlatforms) = postSolution
		{FA597201-0274-4653-BD25-18CA8D2B0C82}.Debug|Any CPU.ActiveCfg = Debug|Any CPU
		{FA597201-0274-4653-BD25-18CA8D2B0C82}.Debug|Any CPU.Build.0 = Debug|Any CPU
		{FA597201-0274-4653-BD25-18CA8D2B0C82}.Release|Any CPU.ActiveCfg = Release|Any CPU
		{FA597201-0274-4653-BD25-18CA8D2B0C82}.Release|Any CPU.Build.0 = Release|Any CPU
	EndGlobalSection
	GlobalSection(SolutionProperties) = preSolution
		HideSolutionNode = FALSE
	EndGlobalSection
	GlobalSection(ExtensibilityGlobals) = postSolution
		SolutionGuid = {E677047B-C68A-46BD-ACAF-DA518E04B04F}
	EndGlobalSection
EndGlobal
