
Microsoft Visual Studio Solution File, Format Version 12.00
# Visual Studio Version 17
VisualStudioVersion = 17.4.33205.214
MinimumVisualStudioVersion = 10.0.40219.1
Project("{FAE04EC0-301F-11D3-BF4B-00C04F79EFBC}") = "Projeto43", "Projeto43.csproj", "{2CAE6DE5-1C27-4EF4-84C9-93869F4EDDFE}"
EndProject
Global
	GlobalSection(SolutionConfigurationPlatforms) = preSolution
		Debug|Any CPU = Debug|Any CPU
		Release|Any CPU = Release|Any CPU
	EndGlobalSection
	GlobalSection(ProjectConfigurationPlatforms) = postSolution
		{2CAE6DE5-1C27-4EF4-84C9-93869F4EDDFE}.Debug|Any CPU.ActiveCfg = Debug|Any CPU
		{2CAE6DE5-1C27-4EF4-84C9-93869F4EDDFE}.Debug|Any CPU.Build.0 = Debug|Any CPU
		{2CAE6DE5-1C27-4EF4-84C9-93869F4EDDFE}.Release|Any CPU.ActiveCfg = Release|Any CPU
		{2CAE6DE5-1C27-4EF4-84C9-93869F4EDDFE}.Release|Any CPU.Build.0 = Release|Any CPU
	EndGlobalSection
	GlobalSection(SolutionProperties) = preSolution
		HideSolutionNode = FALSE
	EndGlobalSection
	GlobalSection(ExtensibilityGlobals) = postSolution
		SolutionGuid = {2076A0C0-2618-4F22-874B-839A09453EC0}
	EndGlobalSection
EndGlobal
