
Microsoft Visual Studio Solution File, Format Version 12.00
# Visual Studio Version 17
VisualStudioVersion = 17.4.33205.214
MinimumVisualStudioVersion = 10.0.40219.1
Project("{FAE04EC0-301F-11D3-BF4B-00C04F79EFBC}") = "Projeto07", "Projeto07.csproj", "{CA88E24D-59C1-41A9-9350-819123F55E50}"
EndProject
Global
	GlobalSection(SolutionConfigurationPlatforms) = preSolution
		Debug|Any CPU = Debug|Any CPU
		Release|Any CPU = Release|Any CPU
	EndGlobalSection
	GlobalSection(ProjectConfigurationPlatforms) = postSolution
		{CA88E24D-59C1-41A9-9350-819123F55E50}.Debug|Any CPU.ActiveCfg = Debug|Any CPU
		{CA88E24D-59C1-41A9-9350-819123F55E50}.Debug|Any CPU.Build.0 = Debug|Any CPU
		{CA88E24D-59C1-41A9-9350-819123F55E50}.Release|Any CPU.ActiveCfg = Release|Any CPU
		{CA88E24D-59C1-41A9-9350-819123F55E50}.Release|Any CPU.Build.0 = Release|Any CPU
	EndGlobalSection
	GlobalSection(SolutionProperties) = preSolution
		HideSolutionNode = FALSE
	EndGlobalSection
	GlobalSection(ExtensibilityGlobals) = postSolution
		SolutionGuid = {FC15DFE3-3533-44F7-822B-54202F6894F6}
	EndGlobalSection
EndGlobal
