
Microsoft Visual Studio Solution File, Format Version 12.00
# Visual Studio Version 17
VisualStudioVersion = 17.4.33205.214
MinimumVisualStudioVersion = 10.0.40219.1
Project("{FAE04EC0-301F-11D3-BF4B-00C04F79EFBC}") = "Projeto37", "Projeto37.csproj", "{3746DAFB-C8B5-48C8-8DDC-D9A9E208CD48}"
EndProject
Global
	GlobalSection(SolutionConfigurationPlatforms) = preSolution
		Debug|Any CPU = Debug|Any CPU
		Release|Any CPU = Release|Any CPU
	EndGlobalSection
	GlobalSection(ProjectConfigurationPlatforms) = postSolution
		{3746DAFB-C8B5-48C8-8DDC-D9A9E208CD48}.Debug|Any CPU.ActiveCfg = Debug|Any CPU
		{3746DAFB-C8B5-48C8-8DDC-D9A9E208CD48}.Debug|Any CPU.Build.0 = Debug|Any CPU
		{3746DAFB-C8B5-48C8-8DDC-D9A9E208CD48}.Release|Any CPU.ActiveCfg = Release|Any CPU
		{3746DAFB-C8B5-48C8-8DDC-D9A9E208CD48}.Release|Any CPU.Build.0 = Release|Any CPU
	EndGlobalSection
	GlobalSection(SolutionProperties) = preSolution
		HideSolutionNode = FALSE
	EndGlobalSection
	GlobalSection(ExtensibilityGlobals) = postSolution
		SolutionGuid = {166D38C0-477B-4D3A-97B5-B96D84646A5D}
	EndGlobalSection
EndGlobal
