
Microsoft Visual Studio Solution File, Format Version 12.00
# Visual Studio Version 17
VisualStudioVersion = 17.4.33205.214
MinimumVisualStudioVersion = 10.0.40219.1
Project("{FAE04EC0-301F-11D3-BF4B-00C04F79EFBC}") = "Projeto35", "Projeto35.csproj", "{098E4B62-72F6-45D0-821C-567DFC241A2A}"
EndProject
Global
	GlobalSection(SolutionConfigurationPlatforms) = preSolution
		Debug|Any CPU = Debug|Any CPU
		Release|Any CPU = Release|Any CPU
	EndGlobalSection
	GlobalSection(ProjectConfigurationPlatforms) = postSolution
		{098E4B62-72F6-45D0-821C-567DFC241A2A}.Debug|Any CPU.ActiveCfg = Debug|Any CPU
		{098E4B62-72F6-45D0-821C-567DFC241A2A}.Debug|Any CPU.Build.0 = Debug|Any CPU
		{098E4B62-72F6-45D0-821C-567DFC241A2A}.Release|Any CPU.ActiveCfg = Release|Any CPU
		{098E4B62-72F6-45D0-821C-567DFC241A2A}.Release|Any CPU.Build.0 = Release|Any CPU
	EndGlobalSection
	GlobalSection(SolutionProperties) = preSolution
		HideSolutionNode = FALSE
	EndGlobalSection
	GlobalSection(ExtensibilityGlobals) = postSolution
		SolutionGuid = {1B2A62BA-B899-4919-AB09-7F40078872DD}
	EndGlobalSection
EndGlobal
